
Microsoft Visual Studio Solution File, Format Version 12.00
# Visual Studio Version 16
VisualStudioVersion = 16.0.31321.278
MinimumVisualStudioVersion = 10.0.40219.1
Project("{8BC9CEB8-8B4A-11D0-8D11-00A0C91BC942}") = "Shindel_515v_2021", "Shindel_515v_2021.vcxproj", "{1EF6B6BB-551A-4193-B850-3E5D8F616BF1}"
EndProject
Global
	GlobalSection(SolutionConfigurationPlatforms) = preSolution
		Debug|x64 = Debug|x64
		Debug|x86 = Debug|x86
		Release|x64 = Release|x64
		Release|x86 = Release|x86
	EndGlobalSection
	GlobalSection(ProjectConfigurationPlatforms) = postSolution
		{1EF6B6BB-551A-4193-B850-3E5D8F616BF1}.Debug|x64.ActiveCfg = Debug|x64
		{1EF6B6BB-551A-4193-B850-3E5D8F616BF1}.Debug|x64.Build.0 = Debug|x64
		{1EF6B6BB-551A-4193-B850-3E5D8F616BF1}.Debug|x86.ActiveCfg = Debug|Win32
		{1EF6B6BB-551A-4193-B850-3E5D8F616BF1}.Debug|x86.Build.0 = Debug|Win32
		{1EF6B6BB-551A-4193-B850-3E5D8F616BF1}.Release|x64.ActiveCfg = Release|x64
		{1EF6B6BB-551A-4193-B850-3E5D8F616BF1}.Release|x64.Build.0 = Release|x64
		{1EF6B6BB-551A-4193-B850-3E5D8F616BF1}.Release|x86.ActiveCfg = Release|Win32
		{1EF6B6BB-551A-4193-B850-3E5D8F616BF1}.Release|x86.Build.0 = Release|Win32
	EndGlobalSection
	GlobalSection(SolutionProperties) = preSolution
		HideSolutionNode = FALSE
	EndGlobalSection
	GlobalSection(ExtensibilityGlobals) = postSolution
		SolutionGuid = {35C8FB7C-4A26-4602-8B0D-11AAC698D4FF}
	EndGlobalSection
EndGlobal
